<?xml version="1.0" encoding="utf-8"?>
<Project ToolsVersion="4.0" xmlns="http://schemas.microsoft.com/developer/msbuild/2003">
  <ItemGroup>
    <Filter Include="Source Files">
      <UniqueIdentifier>{4FC737F1-C7A5-4376-A066-2A32D752A2FF}</UniqueIdentifier>
      <Extensions>cpp;c;cc;cxx;c++;cppm;ixx;def;odl;idl;hpj;bat;asm;asmx</Extensions>
    </Filter>
    <Filter Include="Header Files">
      <UniqueIdentifier>{93995380-89BD-4b04-88EB-625FBE52EBFB}</UniqueIdentifier>
      <Extensions>h;hh;hpp;hxx;h++;hm;inl;inc;ipp;xsd</Extensions>
    </Filter>
    <Filter Include="Resource Files">
      <UniqueIdentifier>{67DA6AB6-F800-4c08-8B7A-83BB121AAD01}</UniqueIdentifier>
      <Extensions>rc;ico;cur;bmp;dlg;rc2;rct;bin;rgs;gif;jpg;jpeg;jpe;resx;tiff;tif;png;wav;mfcribbon-ms</Extensions>
    </Filter>
  </ItemGroup>
  <ItemGroup>
    <ClCompile Include="main.cpp">
      <Filter>Source Files</Filter>
    </ClCompile>
    <ClCompile Include="game\card.cpp">
      <Filter>Source Files</Filter>
    </ClCompile>
    <ClCompile Include="scene\scene.cpp">
      <Filter>Source Files</Filter>
    </ClCompile>
    <ClCompile Include="ui\button.cpp">
      <Filter>Source Files</Filter>
    </ClCompile>
    <ClCompile Include="ui\toggleButton.cpp">
      <Filter>Source Files</Filter>
    </ClCompile>
    <ClCompile Include="ui\settingsElement.cpp">
      <Filter>Source Files</Filter>
    </ClCompile>
  </ItemGroup>
  <ItemGroup>
    <ClInclude Include="game\card.hpp">
      <Filter>Header Files</Filter>
    </ClInclude>
    <ClInclude Include="core\registry.hpp">
      <Filter>Header Files</Filter>
    </ClInclude>
    <ClInclude Include="core\settings.hpp">
      <Filter>Header Files</Filter>
    </ClInclude>
    <ClInclude Include="game\revealer.hpp">
      <Filter>Header Files</Filter>
    </ClInclude>
    <ClInclude Include="util\timesnap.hpp">
      <Filter>Header Files</Filter>
    </ClInclude>
    <ClInclude Include="util\mathhelper.hpp">
      <Filter>Header Files</Filter>
    </ClInclude>
    <ClInclude Include="sound\sfx.hpp">
      <Filter>Header Files</Filter>
    </ClInclude>
    <ClInclude Include="scene\scene.hpp">
      <Filter>Header Files</Filter>
    </ClInclude>
    <ClInclude Include="scene\scenery.hpp">
      <Filter>Header Files</Filter>
    </ClInclude>
    <ClInclude Include="scene\scenes\gameScene.hpp">
      <Filter>Header Files</Filter>
    </ClInclude>
    <ClInclude Include="util\rng.hpp">
      <Filter>Header Files</Filter>
    </ClInclude>
    <ClInclude Include="scene\scenes\splashScene.hpp">
      <Filter>Header Files</Filter>
    </ClInclude>
    <ClInclude Include="core\transition.hpp">
      <Filter>Header Files</Filter>
    </ClInclude>
    <ClInclude Include="sound\bgm.hpp">
      <Filter>Header Files</Filter>
    </ClInclude>
    <ClInclude Include="game\stats.hpp">
      <Filter>Header Files</Filter>
    </ClInclude>
    <ClInclude Include="scene\scenes\menuScene.hpp">
      <Filter>Header Files</Filter>
    </ClInclude>
    <ClInclude Include="ui\button.hpp">
      <Filter>Header Files</Filter>
    </ClInclude>
    <ClInclude Include="ui\toggleButton.hpp">
      <Filter>Header Files</Filter>
    </ClInclude>
    <ClInclude Include="scene\scenes\settingsScene.hpp">
      <Filter>Header Files</Filter>
    </ClInclude>
    <ClInclude Include="ext\ini.h">
      <Filter>Header Files</Filter>
    </ClInclude>
    <ClInclude Include="util\config.hpp">
      <Filter>Header Files</Filter>
    </ClInclude>
    <ClInclude Include="ui\settingsElement.hpp">
      <Filter>Header Files</Filter>
    </ClInclude>
    <ClInclude Include="lua\luacard.hpp">
      <Filter>Header Files</Filter>
    </ClInclude>
    <ClInclude Include="lua\luahelper.hpp">
      <Filter>Header Files</Filter>
    </ClInclude>
    <ClInclude Include="lua\luasound.hpp">
      <Filter>Header Files</Filter>
    </ClInclude>
  </ItemGroup>
</Project>